
Microsoft Visual Studio Solution File, Format Version 12.00
# Visual Studio Version 16
VisualStudioVersion = 16.0.28705.295
MinimumVisualStudioVersion = 10.0.40219.1
Project("{FAE04EC0-301F-11D3-BF4B-00C04F79EFBC}") = "GroupReport6", "GroupReport6\GroupReport6.csproj", "{6E4F8B90-3406-484C-A985-CD64B66942EE}"
EndProject
Global
	GlobalSection(SolutionConfigurationPlatforms) = preSolution
		Debug|Any CPU = Debug|Any CPU
		Release|Any CPU = Release|Any CPU
	EndGlobalSection
	GlobalSection(ProjectConfigurationPlatforms) = postSolution
		{6E4F8B90-3406-484C-A985-CD64B66942EE}.Debug|Any CPU.ActiveCfg = Debug|Any CPU
		{6E4F8B90-3406-484C-A985-CD64B66942EE}.Debug|Any CPU.Build.0 = Debug|Any CPU
		{6E4F8B90-3406-484C-A985-CD64B66942EE}.Release|Any CPU.ActiveCfg = Release|Any CPU
		{6E4F8B90-3406-484C-A985-CD64B66942EE}.Release|Any CPU.Build.0 = Release|Any CPU
	EndGlobalSection
	GlobalSection(SolutionProperties) = preSolution
		HideSolutionNode = FALSE
	EndGlobalSection
	GlobalSection(ExtensibilityGlobals) = postSolution
		SolutionGuid = {F02BAFE9-BD31-424E-A33D-3B3C71858E12}
	EndGlobalSection
EndGlobal
